github.com/Ashish02408/cars v0.0.0-20240318132532-f1a89944f131 h1:yr5S+jS7KcwmGNqLsBrJVe3tM58sfbJ3+r8DPjTl7MM=
github.com/Ashish02408/cars v0.0.0-20240318132532-f1a89944f131/go.mod h1:ixUCq9VEhTsr0NL6+zGm28CRYka2HQ1uZpTNcelYqIk=
github.com/Ashish02408/vehicle v0.0.0-20240318131724-fbc6f28c619b h1:VOe4Dmi+rQZyKgK9J0Ls0VmrsmQ+uHKFg+tZ1eQcjhU=
github.com/Ashish02408/vehicle v0.0.0-20240318131724-fbc6f28c619b/go.mod h1:Vs4nsaSNSztOPb9k7JOvaJ7uFT0zM52IFJ805sU44rk=
